[[package]]
name = "asgiref"
version = "3.4.1"
description = "ASGI specs, helper code, and adapters"
category = "main"
optional = false
python-versions = ">=3.6"

[package.dependencies]
typing-extensions = {version = "*", markers = "python_version < \"3.8\""}

[package.extras]
tests = ["pytest", "pytest-asyncio", "mypy (>=0.800)"]

[[package]]
name = "certifi"
version = "2021.5.30"
description = "Python package for providing Mozilla's CA Bundle."
category = "main"
optional = false
python-versions = "*"

[[package]]
name = "cffi"
version = "1.14.6"
description = "Foreign Function Interface for Python calling C code."
category = "main"
optional = false
python-versions = "*"

[package.dependencies]
pycparser = "*"

[[package]]
name = "charset-normalizer"
version = "2.0.4"
description = "The Real First Universal Charset Detector. Open, modern and actively maintained alternative to Chardet."
category = "main"
optional = false
python-versions = ">=3.5.0"

[package.extras]
unicode_backport = ["unicodedata2"]

[[package]]
name = "cryptography"
version = "3.4.7"
description = "cryptography is a package which provides cryptographic recipes and primitives to Python developers."
category = "main"
optional = false
python-versions = ">=3.6"

[package.dependencies]
cffi = ">=1.12"

[package.extras]
docs = ["sphinx (>=1.6.5,!=1.8.0,!=3.1.0,!=3.1.1)", "sphinx-rtd-theme"]
docstest = ["doc8", "pyenchant (>=1.6.11)", "twine (>=1.12.0)", "sphinxcontrib-spelling (>=4.0.1)"]
pep8test = ["black", "flake8", "flake8-import-order", "pep8-naming"]
sdist = ["setuptools-rust (>=0.11.4)"]
ssh = ["bcrypt (>=3.1.5)"]
test = ["pytest (>=6.0)", "pytest-cov", "pytest-subtests", "pytest-xdist", "pretend", "iso8601", "pytz", "hypothesis (>=1.11.4,!=3.79.2)"]

[[package]]
name = "django"
version = "3.2.6"
description = "A high-level Python Web framework that encourages rapid development and clean, pragmatic design."
category = "main"
optional = false
python-versions = ">=3.6"

[package.dependencies]
asgiref = ">=3.3.2,<4"
pytz = "*"
sqlparse = ">=0.2.2"

[package.extras]
argon2 = ["argon2-cffi (>=19.1.0)"]
bcrypt = ["bcrypt"]

[[package]]
name = "djangogrpcframework"
version = "0.2.1"
description = "gRPC for Django."
category = "main"
optional = false
python-versions = ">=3.6"

[[package]]
name = "grpcio"
version = "1.39.0"
description = "HTTP/2-based RPC framework"
category = "main"
optional = false
python-versions = "*"

[package.dependencies]
six = ">=1.5.2"

[package.extras]
protobuf = ["grpcio-tools (>=1.39.0)"]

[[package]]
name = "grpcio-tools"
version = "1.39.0"
description = "Protobuf code generator for gRPC"
category = "dev"
optional = false
python-versions = "*"

[package.dependencies]
grpcio = ">=1.39.0"
protobuf = ">=3.5.0.post1,<4.0dev"

[[package]]
name = "idna"
version = "3.2"
description = "Internationalized Domain Names in Applications (IDNA)"
category = "main"
optional = false
python-versions = ">=3.5"

[[package]]
name = "josepy"
version = "1.8.0"
description = "JOSE protocol implementation in Python"
category = "main"
optional = false
python-versions = ">=3.6"

[package.dependencies]
cryptography = ">=0.8"
PyOpenSSL = ">=0.13"

[package.extras]
dev = ["mypy", "pytest", "tox"]
docs = ["Sphinx (>=1.0)", "sphinx-rtd-theme"]
tests = ["coverage (>=4.0)", "pytest-cache (>=1.0)", "pytest-cov", "flake8", "pytest-flake8 (>=0.5)", "pytest (>=2.8.0)"]

[[package]]
name = "mozilla-django-oidc"
version = "2.0.0"
description = "A lightweight authentication and access management library for integration with OpenID Connect enabled authentication services."
category = "main"
optional = false
python-versions = "*"

[package.dependencies]
cryptography = "*"
Django = ">=2.2"
josepy = "*"
requests = "*"

[[package]]
name = "protobuf"
version = "3.17.3"
description = "Protocol Buffers"
category = "main"
optional = false
python-versions = "*"

[package.dependencies]
six = ">=1.9"

[[package]]
name = "pycparser"
version = "2.20"
description = "C parser in Python"
category = "main"
optional = false
python-versions = ">=2.7, !=3.0.*, !=3.1.*, !=3.2.*, !=3.3.*"

[[package]]
name = "pyopenssl"
version = "20.0.1"
description = "Python wrapper module around the OpenSSL library"
category = "main"
optional = false
python-versions = ">=2.7,!=3.0.*,!=3.1.*,!=3.2.*,!=3.3.*,!=3.4.*"

[package.dependencies]
cryptography = ">=3.2"
six = ">=1.5.2"

[package.extras]
docs = ["sphinx", "sphinx-rtd-theme"]
test = ["flaky", "pretend", "pytest (>=3.0.1)"]

[[package]]
name = "pytz"
version = "2021.1"
description = "World timezone definitions, modern and historical"
category = "main"
optional = false
python-versions = "*"

[[package]]
name = "requests"
version = "2.26.0"
description = "Python HTTP for Humans."
category = "main"
optional = false
python-versions = ">=2.7, !=3.0.*, !=3.1.*, !=3.2.*, !=3.3.*, !=3.4.*, !=3.5.*"

[package.dependencies]
certifi = ">=2017.4.17"
charset-normalizer = {version = ">=2.0.0,<2.1.0", markers = "python_version >= \"3\""}
idna = {version = ">=2.5,<4", markers = "python_version >= \"3\""}
urllib3 = ">=1.21.1,<1.27"

[package.extras]
socks = ["PySocks (>=1.5.6,!=1.5.7)", "win-inet-pton"]
use_chardet_on_py3 = ["chardet (>=3.0.2,<5)"]

[[package]]
name = "six"
version = "1.16.0"
description = "Python 2 and 3 compatibility utilities"
category = "main"
optional = false
python-versions = ">=2.7, !=3.0.*, !=3.1.*, !=3.2.*"

[[package]]
name = "sqlparse"
version = "0.4.1"
description = "A non-validating SQL parser."
category = "main"
optional = false
python-versions = ">=3.5"

[[package]]
name = "typing-extensions"
version = "3.10.0.0"
description = "Backported and Experimental Type Hints for Python 3.5+"
category = "main"
optional = false
python-versions = "*"

[[package]]
name = "urllib3"
version = "1.26.6"
description = "HTTP library with thread-safe connection pooling, file post, and more."
category = "main"
optional = false
python-versions = ">=2.7, !=3.0.*, !=3.1.*, !=3.2.*, !=3.3.*, !=3.4.*, <4"

[package.extras]
brotli = ["brotlipy (>=0.6.0)"]
secure = ["pyOpenSSL (>=0.14)", "cryptography (>=1.3.4)", "idna (>=2.0.0)", "certifi", "ipaddress"]
socks = ["PySocks (>=1.5.6,!=1.5.7,<2.0)"]

[[package]]
name = "weni-protobuffers"
version = "1.0.0"
description = "Protocol Buffers for Weni Platform"
category = "main"
optional = false
python-versions = ">=3.6,<4.0"

[package.dependencies]
grpcio = ">=1.39.0,<2.0.0"
protobuf = ">=3.17.3,<4.0.0"

[metadata]
lock-version = "1.1"
python-versions = "3.6"
content-hash = "aecdb7c1ac63ca1b4f0f1c3c8d026227e8ef05b87486cac318e5eda1601f59f3"

[metadata.files]
asgiref = [
    {file = "asgiref-3.4.1-py3-none-any.whl", hash = "sha256:ffc141aa908e6f175673e7b1b3b7af4fdb0ecb738fc5c8b88f69f055c2415214"},
    {file = "asgiref-3.4.1.tar.gz", hash = "sha256:4ef1ab46b484e3c706329cedeff284a5d40824200638503f5768edb6de7d58e9"},
]
certifi = [
    {file = "certifi-2021.5.30-py2.py3-none-any.whl", hash = "sha256:50b1e4f8446b06f41be7dd6338db18e0990601dce795c2b1686458aa7e8fa7d8"},
    {file = "certifi-2021.5.30.tar.gz", hash = "sha256:2bbf76fd432960138b3ef6dda3dde0544f27cbf8546c458e60baf371917ba9ee"},
]
cffi = [
    {file = "cffi-1.14.6-cp27-cp27m-macosx_10_9_x86_64.whl", hash = "sha256:22b9c3c320171c108e903d61a3723b51e37aaa8c81255b5e7ce102775bd01e2c"},
    {file = "cffi-1.14.6-cp27-cp27m-manylinux1_i686.whl", hash = "sha256:f0c5d1acbfca6ebdd6b1e3eded8d261affb6ddcf2186205518f1428b8569bb99"},
    {file = "cffi-1.14.6-cp27-cp27m-manylinux1_x86_64.whl", hash = "sha256:99f27fefe34c37ba9875f224a8f36e31d744d8083e00f520f133cab79ad5e819"},
    {file = "cffi-1.14.6-cp27-cp27m-win32.whl", hash = "sha256:55af55e32ae468e9946f741a5d51f9896da6b9bf0bbdd326843fec05c730eb20"},
    {file = "cffi-1.14.6-cp27-cp27m-win_amd64.whl", hash = "sha256:7bcac9a2b4fdbed2c16fa5681356d7121ecabf041f18d97ed5b8e0dd38a80224"},
    {file = "cffi-1.14.6-cp27-cp27mu-manylinux1_i686.whl", hash = "sha256:ed38b924ce794e505647f7c331b22a693bee1538fdf46b0222c4717b42f744e7"},
    {file = "cffi-1.14.6-cp27-cp27mu-manylinux1_x86_64.whl", hash = "sha256:e22dcb48709fc51a7b58a927391b23ab37eb3737a98ac4338e2448bef8559b33"},
    {file = "cffi-1.14.6-cp35-cp35m-macosx_10_9_x86_64.whl", hash = "sha256:aedb15f0a5a5949ecb129a82b72b19df97bbbca024081ed2ef88bd5c0a610534"},
    {file = "cffi-1.14.6-cp35-cp35m-manylinux1_i686.whl", hash = "sha256:48916e459c54c4a70e52745639f1db524542140433599e13911b2f329834276a"},
    {file = "cffi-1.14.6-cp35-cp35m-manylinux1_x86_64.whl", hash = "sha256:f627688813d0a4140153ff532537fbe4afea5a3dffce1f9deb7f91f848a832b5"},
    {file = "cffi-1.14.6-cp35-cp35m-win32.whl", hash = "sha256:f0010c6f9d1a4011e429109fda55a225921e3206e7f62a0c22a35344bfd13cca"},
    {file = "cffi-1.14.6-cp35-cp35m-win_amd64.whl", hash = "sha256:57e555a9feb4a8460415f1aac331a2dc833b1115284f7ded7278b54afc5bd218"},
    {file = "cffi-1.14.6-cp36-cp36m-macosx_10_9_x86_64.whl", hash = "sha256:e8c6a99be100371dbb046880e7a282152aa5d6127ae01783e37662ef73850d8f"},
    {file = "cffi-1.14.6-cp36-cp36m-manylinux1_i686.whl", hash = "sha256:19ca0dbdeda3b2615421d54bef8985f72af6e0c47082a8d26122adac81a95872"},
    {file = "cffi-1.14.6-cp36-cp36m-manylinux1_x86_64.whl", hash = "sha256:d950695ae4381ecd856bcaf2b1e866720e4ab9a1498cba61c602e56630ca7195"},
    {file = "cffi-1.14.6-cp36-cp36m-manylinux_2_17_aarch64.manylinux2014_aarch64.whl", hash = "sha256:e9dc245e3ac69c92ee4c167fbdd7428ec1956d4e754223124991ef29eb57a09d"},
    {file = "cffi-1.14.6-cp36-cp36m-manylinux_2_17_ppc64le.manylinux2014_ppc64le.whl", hash = "sha256:a8661b2ce9694ca01c529bfa204dbb144b275a31685a075ce123f12331be790b"},
    {file = "cffi-1.14.6-cp36-cp36m-manylinux_2_17_s390x.manylinux2014_s390x.whl", hash = "sha256:b315d709717a99f4b27b59b021e6207c64620790ca3e0bde636a6c7f14618abb"},
    {file = "cffi-1.14.6-cp36-cp36m-win32.whl", hash = "sha256:80b06212075346b5546b0417b9f2bf467fea3bfe7352f781ffc05a8ab24ba14a"},
    {file = "cffi-1.14.6-cp36-cp36m-win_amd64.whl", hash = "sha256:a9da7010cec5a12193d1af9872a00888f396aba3dc79186604a09ea3ee7c029e"},
    {file = "cffi-1.14.6-cp37-cp37m-macosx_10_9_x86_64.whl", hash = "sha256:4373612d59c404baeb7cbd788a18b2b2a8331abcc84c3ba40051fcd18b17a4d5"},
    {file = "cffi-1.14.6-cp37-cp37m-manylinux1_i686.whl", hash = "sha256:f10afb1004f102c7868ebfe91c28f4a712227fe4cb24974350ace1f90e1febbf"},
    {file = "cffi-1.14.6-cp37-cp37m-manylinux1_x86_64.whl", hash = "sha256:fd4305f86f53dfd8cd3522269ed7fc34856a8ee3709a5e28b2836b2db9d4cd69"},
    {file = "cffi-1.14.6-cp37-cp37m-manylinux_2_17_aarch64.manylinux2014_aarch64.whl", hash = "sha256:6d6169cb3c6c2ad50db5b868db6491a790300ade1ed5d1da29289d73bbe40b56"},
    {file = "cffi-1.14.6-cp37-cp37m-manylinux_2_17_ppc64le.manylinux2014_ppc64le.whl", hash = "sha256:5d4b68e216fc65e9fe4f524c177b54964af043dde734807586cf5435af84045c"},
    {file = "cffi-1.14.6-cp37-cp37m-manylinux_2_17_s390x.manylinux2014_s390x.whl", hash = "sha256:33791e8a2dc2953f28b8d8d300dde42dd929ac28f974c4b4c6272cb2955cb762"},
    {file = "cffi-1.14.6-cp37-cp37m-win32.whl", hash = "sha256:0c0591bee64e438883b0c92a7bed78f6290d40bf02e54c5bf0978eaf36061771"},
    {file = "cffi-1.14.6-cp37-cp37m-win_amd64.whl", hash = "sha256:8eb687582ed7cd8c4bdbff3df6c0da443eb89c3c72e6e5dcdd9c81729712791a"},
    {file = "cffi-1.14.6-cp38-cp38-macosx_10_9_x86_64.whl", hash = "sha256:ba6f2b3f452e150945d58f4badd92310449876c4c954836cfb1803bdd7b422f0"},
    {file = "cffi-1.14.6-cp38-cp38-manylinux1_i686.whl", hash = "sha256:64fda793737bc4037521d4899be780534b9aea552eb673b9833b01f945904c2e"},
    {file = "cffi-1.14.6-cp38-cp38-manylinux1_x86_64.whl", hash = "sha256:9f3e33c28cd39d1b655ed1ba7247133b6f7fc16fa16887b120c0c670e35ce346"},
    {file = "cffi-1.14.6-cp38-cp38-manylinux_2_17_aarch64.manylinux2014_aarch64.whl", hash = "sha256:26bb2549b72708c833f5abe62b756176022a7b9a7f689b571e74c8478ead51dc"},
    {file = "cffi-1.14.6-cp38-cp38-manylinux_2_17_ppc64le.manylinux2014_ppc64le.whl", hash = "sha256:eb687a11f0a7a1839719edd80f41e459cc5366857ecbed383ff376c4e3cc6afd"},
    {file = "cffi-1.14.6-cp38-cp38-manylinux_2_17_s390x.manylinux2014_s390x.whl", hash = "sha256:d2ad4d668a5c0645d281dcd17aff2be3212bc109b33814bbb15c4939f44181cc"},
    {file = "cffi-1.14.6-cp38-cp38-win32.whl", hash = "sha256:487d63e1454627c8e47dd230025780e91869cfba4c753a74fda196a1f6ad6548"},
    {file = "cffi-1.14.6-cp38-cp38-win_amd64.whl", hash = "sha256:c33d18eb6e6bc36f09d793c0dc58b0211fccc6ae5149b808da4a62660678b156"},
    {file = "cffi-1.14.6-cp39-cp39-macosx_10_9_x86_64.whl", hash = "sha256:06c54a68935738d206570b20da5ef2b6b6d92b38ef3ec45c5422c0ebaf338d4d"},
    {file = "cffi-1.14.6-cp39-cp39-manylinux1_i686.whl", hash = "sha256:f174135f5609428cc6e1b9090f9268f5c8935fddb1b25ccb8255a2d50de6789e"},
    {file = "cffi-1.14.6-cp39-cp39-manylinux1_x86_64.whl", hash = "sha256:f3ebe6e73c319340830a9b2825d32eb6d8475c1dac020b4f0aa774ee3b898d1c"},
    {file = "cffi-1.14.6-cp39-cp39-manylinux_2_17_aarch64.manylinux2014_aarch64.whl", hash = "sha256:3c8d896becff2fa653dc4438b54a5a25a971d1f4110b32bd3068db3722c80202"},
    {file = "cffi-1.14.6-cp39-cp39-manylinux_2_17_ppc64le.manylinux2014_ppc64le.whl", hash = "sha256:4922cd707b25e623b902c86188aca466d3620892db76c0bdd7b99a3d5e61d35f"},
    {file = "cffi-1.14.6-cp39-cp39-manylinux_2_17_s390x.manylinux2014_s390x.whl", hash = "sha256:c9e005e9bd57bc987764c32a1bee4364c44fdc11a3cc20a40b93b444984f2b87"},
    {file = "cffi-1.14.6-cp39-cp39-win32.whl", hash = "sha256:eb9e2a346c5238a30a746893f23a9535e700f8192a68c07c0258e7ece6ff3728"},
    {file = "cffi-1.14.6-cp39-cp39-win_amd64.whl", hash = "sha256:818014c754cd3dba7229c0f5884396264d51ffb87ec86e927ef0be140bfdb0d2"},
    {file = "cffi-1.14.6.tar.gz", hash = "sha256:c9a875ce9d7fe32887784274dd533c57909b7b1dcadcc128a2ac21331a9765dd"},
]
charset-normalizer = [
    {file = "charset-normalizer-2.0.4.tar.gz", hash = "sha256:f23667ebe1084be45f6ae0538e4a5a865206544097e4e8bbcacf42cd02a348f3"},
    {file = "charset_normalizer-2.0.4-py3-none-any.whl", hash = "sha256:0c8911edd15d19223366a194a513099a302055a962bca2cec0f54b8b63175d8b"},
]
cryptography = [
    {file = "cryptography-3.4.7-cp36-abi3-macosx_10_10_x86_64.whl", hash = "sha256:3d8427734c781ea5f1b41d6589c293089704d4759e34597dce91014ac125aad1"},
    {file = "cryptography-3.4.7-cp36-abi3-macosx_11_0_arm64.whl", hash = "sha256:8e56e16617872b0957d1c9742a3f94b43533447fd78321514abbe7db216aa250"},
    {file = "cryptography-3.4.7-cp36-abi3-manylinux2010_x86_64.whl", hash = "sha256:37340614f8a5d2fb9aeea67fd159bfe4f5f4ed535b1090ce8ec428b2f15a11f2"},
    {file = "cryptography-3.4.7-cp36-abi3-manylinux2014_aarch64.whl", hash = "sha256:240f5c21aef0b73f40bb9f78d2caff73186700bf1bc6b94285699aff98cc16c6"},
    {file = "cryptography-3.4.7-cp36-abi3-manylinux2014_x86_64.whl", hash = "sha256:1e056c28420c072c5e3cb36e2b23ee55e260cb04eee08f702e0edfec3fb51959"},
    {file = "cryptography-3.4.7-cp36-abi3-win32.whl", hash = "sha256:0f1212a66329c80d68aeeb39b8a16d54ef57071bf22ff4e521657b27372e327d"},
    {file = "cryptography-3.4.7-cp36-abi3-win_amd64.whl", hash = "sha256:de4e5f7f68220d92b7637fc99847475b59154b7a1b3868fb7385337af54ac9ca"},
    {file = "cryptography-3.4.7-pp36-pypy36_pp73-manylinux2010_x86_64.whl", hash = "sha256:26965837447f9c82f1855e0bc8bc4fb910240b6e0d16a664bb722df3b5b06873"},
    {file = "cryptography-3.4.7-pp36-pypy36_pp73-manylinux2014_x86_64.whl", hash = "sha256:eb8cc2afe8b05acbd84a43905832ec78e7b3873fb124ca190f574dca7389a87d"},
    {file = "cryptography-3.4.7-pp37-pypy37_pp73-macosx_10_10_x86_64.whl", hash = "sha256:b01fd6f2737816cb1e08ed4807ae194404790eac7ad030b34f2ce72b332f5586"},
    {file = "cryptography-3.4.7-pp37-pypy37_pp73-manylinux2010_x86_64.whl", hash = "sha256:7ec5d3b029f5fa2b179325908b9cd93db28ab7b85bb6c1db56b10e0b54235177"},
    {file = "cryptography-3.4.7-pp37-pypy37_pp73-manylinux2014_x86_64.whl", hash = "sha256:ee77aa129f481be46f8d92a1a7db57269a2f23052d5f2433b4621bb457081cc9"},
    {file = "cryptography-3.4.7-pp37-pypy37_pp73-win_amd64.whl", hash = "sha256:bf40af59ca2465b24e54f671b2de2c59257ddc4f7e5706dbd6930e26823668d3"},
    {file = "cryptography-3.4.7.tar.gz", hash = "sha256:3d10de8116d25649631977cb37da6cbdd2d6fa0e0281d014a5b7d337255ca713"},
]
django = [
    {file = "Django-3.2.6-py3-none-any.whl", hash = "sha256:7f92413529aa0e291f3be78ab19be31aefb1e1c9a52cd59e130f505f27a51f13"},
    {file = "Django-3.2.6.tar.gz", hash = "sha256:f27f8544c9d4c383bbe007c57e3235918e258364577373d4920e9162837be022"},
]
djangogrpcframework = [
    {file = "djangogrpcframework-0.2.1-py2.py3-none-any.whl", hash = "sha256:c1835bd87ac9bdbdbdb631cd1c12720e711260d316303d19e4c63e53896ff0e6"},
    {file = "djangogrpcframework-0.2.1.tar.gz", hash = "sha256:f96ae98d463f02745dbac5c18899801b738c79efd198e8cc709a7476533aec97"},
]
grpcio = [
    {file = "grpcio-1.39.0-cp27-cp27m-macosx_10_10_x86_64.whl", hash = "sha256:4163e022f365406be2da78db890035463371effea172300ce5af8a768142baf3"},
    {file = "grpcio-1.39.0-cp27-cp27m-manylinux2010_i686.whl", hash = "sha256:02e8a8b41db8e13df53078355b439363e4ac46d0ac9a8a461a39e42829e2bcf8"},
    {file = "grpcio-1.39.0-cp27-cp27m-manylinux2010_x86_64.whl", hash = "sha256:050901a5baa6c4ca445e1781ef4c32d864f965ccec70c46cd5ad92d15e282c6a"},
    {file = "grpcio-1.39.0-cp27-cp27m-win32.whl", hash = "sha256:1ab44dde4e1b225d3fc873535ca6e642444433131dd2891a601b75fb46c87c11"},
    {file = "grpcio-1.39.0-cp27-cp27m-win_amd64.whl", hash = "sha256:25731b2c20a4ed51bea7e3952d5e83d408a5df32d03c7553457b2e6eb8bcb16c"},
    {file = "grpcio-1.39.0-cp27-cp27mu-manylinux2010_i686.whl", hash = "sha256:a2733994b05ee5382da1d0378f6312b72c5cb202930c7fa20c794a24e96a1a34"},
    {file = "grpcio-1.39.0-cp27-cp27mu-manylinux2010_x86_64.whl", hash = "sha256:4039645b8b5d19064766f3a6fa535f1db52a61c4d4de97a6a8945331a354d527"},
    {file = "grpcio-1.39.0-cp35-cp35m-macosx_10_10_intel.whl", hash = "sha256:7b95b3329446408e2fe6db9b310d263303fa1a94649d08ec1e1cc12506743d26"},
    {file = "grpcio-1.39.0-cp35-cp35m-manylinux2010_i686.whl", hash = "sha256:2a4308875b9b986000513c6b04c2e7424f436a127f15547036c42d3cf8289374"},
    {file = "grpcio-1.39.0-cp35-cp35m-manylinux2010_x86_64.whl", hash = "sha256:4b3fcc1878a1a5b71e1ecdfe82c74f7cd9eadaa43e25be0d67676dcec0c9d39f"},
    {file = "grpcio-1.39.0-cp35-cp35m-manylinux2014_i686.whl", hash = "sha256:6d51be522b573cec14798d4742efaa69d234bedabce122fec2d5489abb3724d4"},
    {file = "grpcio-1.39.0-cp35-cp35m-manylinux2014_x86_64.whl", hash = "sha256:43c57987e526d1b893b85099424387b22de6e3eee4ea7188443de8d657d11cc0"},
    {file = "grpcio-1.39.0-cp35-cp35m-win32.whl", hash = "sha256:cd2e39a199bcbefb3f4b9fa6677c72b0e67332915550fed3bd7c28b454bf917d"},
    {file = "grpcio-1.39.0-cp35-cp35m-win_amd64.whl", hash = "sha256:5628e7cc69079159f9465388ff21fde1e1a780139f76dd99d319119d45156f45"},
    {file = "grpcio-1.39.0-cp36-cp36m-linux_armv7l.whl", hash = "sha256:3c14e2087f809973d5ee8ca64f772a089ead0167286f3f21fdda8b6029b50abb"},
    {file = "grpcio-1.39.0-cp36-cp36m-macosx_10_10_x86_64.whl", hash = "sha256:d5a105f5a595b89a0e394e5b147430b115333d07c55efb0c0eddc96055f0d951"},
    {file = "grpcio-1.39.0-cp36-cp36m-manylinux2010_i686.whl", hash = "sha256:366b6b35b3719c5570588e21d866460c5666ae74e3509c2a5a73ca79997abdaf"},
    {file = "grpcio-1.39.0-cp36-cp36m-manylinux2010_x86_64.whl", hash = "sha256:544e1c1a133b43893e03e828c8325be5b82e20d3b0ef0ee3942d32553052a1b5"},
    {file = "grpcio-1.39.0-cp36-cp36m-manylinux2014_i686.whl", hash = "sha256:a659f7c634cacfcf14657687a9fa3265b0a1844b1c19d140f3b66aebfba1a66b"},
    {file = "grpcio-1.39.0-cp36-cp36m-manylinux2014_x86_64.whl", hash = "sha256:b0ff14dd872030e6b2fce8a6811642bd30d93833f794d3782c7e9eb2f01234cc"},
    {file = "grpcio-1.39.0-cp36-cp36m-manylinux_2_24_aarch64.whl", hash = "sha256:2a958ad794292e12d8738a06754ebaf71662e635a89098916c18715b27ca2b5b"},
    {file = "grpcio-1.39.0-cp36-cp36m-win32.whl", hash = "sha256:ed845ba6253c4032d5a01b7fb9db8fe80299e9a437e695a698751b0b191174be"},
    {file = "grpcio-1.39.0-cp36-cp36m-win_amd64.whl", hash = "sha256:b236eb4b50d83754184b248b8b1041bb1546287fff7618c4b7001b9f257bb903"},
    {file = "grpcio-1.39.0-cp37-cp37m-linux_armv7l.whl", hash = "sha256:27e2c6213fc04e71a862bacccb51f3c8e722255933f01736ace183e92d860ee6"},
    {file = "grpcio-1.39.0-cp37-cp37m-macosx_10_10_x86_64.whl", hash = "sha256:5127f4ba1f52fda28037ae465cf4b0e5fabe89d5ac1d64d15b073b46b7db5e16"},
    {file = "grpcio-1.39.0-cp37-cp37m-manylinux2010_i686.whl", hash = "sha256:a6211150765cc2343e69879dfb856718b0f7477a4618b5f9a8f6c3ee84c047c0"},
    {file = "grpcio-1.39.0-cp37-cp37m-manylinux2010_x86_64.whl", hash = "sha256:691f5b3a75f072dfb7b093f46303f493b885b7a42f25a831868ffaa22ee85f9d"},
    {file = "grpcio-1.39.0-cp37-cp37m-manylinux2014_i686.whl", hash = "sha256:c8fe430add656b92419f6cd0680b64fbe6347c831d89a7788324f5037dfb3359"},
    {file = "grpcio-1.39.0-cp37-cp37m-manylinux2014_x86_64.whl", hash = "sha256:3cccf470fcaab65a1b0a826ff34bd7c0861eb82ed957a83c6647a983459e4ecd"},
    {file = "grpcio-1.39.0-cp37-cp37m-manylinux_2_24_aarch64.whl", hash = "sha256:2bc7eebb405aac2d7eecfaa881fd73b489f99c01470d7193b4431a6ce199b9c3"},
    {file = "grpcio-1.39.0-cp37-cp37m-win32.whl", hash = "sha256:52100d800390d58492ed1093de6faccd957de6fc29b1a0e5948c84f275d9228f"},
    {file = "grpcio-1.39.0-cp37-cp37m-win_amd64.whl", hash = "sha256:20f57c5d09a36e0d0c8fe16ee1905f4307edb1d04f6034b56320f7fbc1a1071a"},
    {file = "grpcio-1.39.0-cp38-cp38-linux_armv7l.whl", hash = "sha256:6ba6ad60009da2258cf15a72c51b7e0c2f58c8da517e97550881e488839e56c6"},
    {file = "grpcio-1.39.0-cp38-cp38-macosx_10_10_x86_64.whl", hash = "sha256:a1fb9936b86b5efdea417fe159934bcad82a6f8c6ab7d1beec4bf3a78324d975"},
    {file = "grpcio-1.39.0-cp38-cp38-manylinux2010_i686.whl", hash = "sha256:46cfb0f2b757673bfd36ab4b0e3d61988cc1a0d47e0597e91462dcbef7528f35"},
    {file = "grpcio-1.39.0-cp38-cp38-manylinux2010_x86_64.whl", hash = "sha256:f2621c82fbbff1496993aa5fbf60e235583c7f970506e818671ad52000b6f310"},
    {file = "grpcio-1.39.0-cp38-cp38-manylinux2014_i686.whl", hash = "sha256:e98aca5cfe05ca29950b3d99006b9ddb54fde6451cd12cb2db1443ae3b9fa076"},
    {file = "grpcio-1.39.0-cp38-cp38-manylinux2014_x86_64.whl", hash = "sha256:8ed1e52ad507a54d20e6aaedf4b3edcab18cc12031eafe6de898f97513d8997b"},
    {file = "grpcio-1.39.0-cp38-cp38-manylinux_2_24_aarch64.whl", hash = "sha256:3c57fa7fec932767bc553bfb956759f45026890255bd232b2f797c3bc4dfeba2"},
    {file = "grpcio-1.39.0-cp38-cp38-win32.whl", hash = "sha256:88dbef504b491b96e3238a6d5360b04508c34c62286080060c85fddd3caf7137"},
    {file = "grpcio-1.39.0-cp38-cp38-win_amd64.whl", hash = "sha256:cffdccc94e63710dd6ead01849443390632c8e0fec52dc26e4fddf9f28ac9280"},
    {file = "grpcio-1.39.0-cp39-cp39-linux_armv7l.whl", hash = "sha256:43e0f5c49f985c94332794aa6c4f15f3a1ced336f0c6a6c8946c67b5ab111ae9"},
    {file = "grpcio-1.39.0-cp39-cp39-macosx_10_10_x86_64.whl", hash = "sha256:dc3a24022a90c1754e54315009da6f949b48862c1d06daa54f9a28f89a5efacb"},
    {file = "grpcio-1.39.0-cp39-cp39-manylinux2010_i686.whl", hash = "sha256:476fa94ba8efb09213baabd757f6f93e839794d8ae0eaa371347d6899e8f57a0"},
    {file = "grpcio-1.39.0-cp39-cp39-manylinux2010_x86_64.whl", hash = "sha256:46d510a7af777d2f38ef4c1d25491add37cad24143012f3eebe72dc5c6d0fc4c"},
    {file = "grpcio-1.39.0-cp39-cp39-manylinux2014_i686.whl", hash = "sha256:5091b4a5ee8454a8f0c8ac45946ca25d6142c3be4b1fba141f1d62a6e0b5c696"},
    {file = "grpcio-1.39.0-cp39-cp39-manylinux2014_x86_64.whl", hash = "sha256:de83a045005703e7b9e67b61c38bb72cd49f68d9d2780d2c675353a3a3f2816f"},
    {file = "grpcio-1.39.0-cp39-cp39-manylinux_2_24_aarch64.whl", hash = "sha256:4258b778ce09ffa3b7c9a26971c216a34369e786771afbf4f98afe223f27d248"},
    {file = "grpcio-1.39.0-cp39-cp39-win32.whl", hash = "sha256:c44958a24559f875d902d5c1acb0ae43faa5a84f6120d1d0d800acb52f96516e"},
    {file = "grpcio-1.39.0-cp39-cp39-win_amd64.whl", hash = "sha256:2068a2b896ac67103c4a5453d5435fafcbb1a2f41eaf25148d08780096935cee"},
    {file = "grpcio-1.39.0.tar.gz", hash = "sha256:57974361a459d6fe04c9ae0af1845974606612249f467bbd2062d963cb90f407"},
]
grpcio-tools = [
    {file = "grpcio-tools-1.39.0.tar.gz", hash = "sha256:39dfe7415bc0d3860fdb8dd90607594b046b88b57dbe64284efa4820f951c805"},
    {file = "grpcio_tools-1.39.0-cp27-cp27m-macosx_10_10_x86_64.whl", hash = "sha256:f980c998be1b071e0c7751c7d83758cbf1ceb3b8f2fb4b4babe72b6eca2a47b7"},
    {file = "grpcio_tools-1.39.0-cp27-cp27m-manylinux2010_i686.whl", hash = "sha256:365838a50fc09ebea91c13d4ac6a81038e390173b66f7f9e26a8844305b308a2"},
    {file = "grpcio_tools-1.39.0-cp27-cp27m-manylinux2010_x86_64.whl", hash = "sha256:1154756d2fdc69aebece508260c91016ce08fc33e97c9e3b1cecd453f50adb8e"},
    {file = "grpcio_tools-1.39.0-cp27-cp27m-win32.whl", hash = "sha256:9dcd72943a012ec5ff4adaf1c251d182f586980bb1a899d81007d7f51a90325f"},
    {file = "grpcio_tools-1.39.0-cp27-cp27m-win_amd64.whl", hash = "sha256:9378b52c2fab2410dcd0eecca079b69b746a122b603b4064d9d78e79e9ddbaab"},
    {file = "grpcio_tools-1.39.0-cp27-cp27mu-manylinux2010_i686.whl", hash = "sha256:8356cc67111d0ecaa3ca92ddfae4f684b2284cea0057cf26520e17816aff7798"},
    {file = "grpcio_tools-1.39.0-cp27-cp27mu-manylinux2010_x86_64.whl", hash = "sha256:0396bf48739f42c92e95024c205be222070776c627611a978b773d9bd550d911"},
    {file = "grpcio_tools-1.39.0-cp35-cp35m-macosx_10_10_intel.whl", hash = "sha256:74348a08352a4c757cd257b7fd1357e8d69af926e422a79ec9cd1ae0943347fd"},
    {file = "grpcio_tools-1.39.0-cp35-cp35m-manylinux2010_i686.whl", hash = "sha256:ac91a0f6f9c4ecd26af295c30a9230cdddf10b1b479833a1583dba04a7a104d5"},
    {file = "grpcio_tools-1.39.0-cp35-cp35m-manylinux2010_x86_64.whl", hash = "sha256:c2e779910e047693067a6948427955ef0fd1999393a08d1d10fceab33f01a364"},
    {file = "grpcio_tools-1.39.0-cp35-cp35m-manylinux2014_i686.whl", hash = "sha256:1da33bc6716f2f9d729a6835709acb0130fface935ea5b8c937735e895134968"},
    {file = "grpcio_tools-1.39.0-cp35-cp35m-manylinux2014_x86_64.whl", hash = "sha256:1e21de2de46e4cb79b37bfe30acf53c617561b47835c40ab1cfa0c41ea448216"},
    {file = "grpcio_tools-1.39.0-cp35-cp35m-win32.whl", hash = "sha256:340bb3528e0e77c730aa916e8696d69319ef6646335d96c064676086c42cec21"},
    {file = "grpcio_tools-1.39.0-cp35-cp35m-win_amd64.whl", hash = "sha256:469de6903c742567ee74d25c486c499e14797783b35f2f637e511df898277afc"},
    {file = "grpcio_tools-1.39.0-cp36-cp36m-linux_armv7l.whl", hash = "sha256:c429848062d8184c750b3d99fdf7dbf64d845ab02028429ea46d0bb9bf39dcc3"},
    {file = "grpcio_tools-1.39.0-cp36-cp36m-macosx_10_10_x86_64.whl", hash = "sha256:bca24354dbfffd9534a59de16e4a0e3e53834571a2a2854df3c232a05f765852"},
    {file = "grpcio_tools-1.39.0-cp36-cp36m-manylinux2010_i686.whl", hash = "sha256:5f5ea81372af5ff9d32869c293d232ae4825fe6c2495e5b94fd3dab77521c6b7"},
    {file = "grpcio_tools-1.39.0-cp36-cp36m-manylinux2010_x86_64.whl", hash = "sha256:d3a7e1dba6bddf731a37befbf42fa1c9de0e210818c3a3c414b5a08da515bd8c"},
    {file = "grpcio_tools-1.39.0-cp36-cp36m-manylinux2014_i686.whl", hash = "sha256:fc478cab6836d518b55b78efb12dc10c52c28f22a9f6c41bfdb9df72d746a887"},
    {file = "grpcio_tools-1.39.0-cp36-cp36m-manylinux2014_x86_64.whl", hash = "sha256:e1c9c5540c0b7b5f4cc98629db09dd6d8a24dc7afb535586355a1f6029c8c2f7"},
    {file = "grpcio_tools-1.39.0-cp36-cp36m-manylinux_2_24_aarch64.whl", hash = "sha256:26420d765c502c3b3ee8fad1eea551c657bde4cc5e38341b3d9c8b340620b56c"},
    {file = "grpcio_tools-1.39.0-cp36-cp36m-win32.whl", hash = "sha256:d0a7524cf43adaad910d7727fbd330904471fa12ad74e2f0a71860f70154be18"},
    {file = "grpcio_tools-1.39.0-cp36-cp36m-win_amd64.whl", hash = "sha256:39a9da1dd8c8ac82b17e569a7395ece84aac27d407a574a1fd4100c6231b76be"},
    {file = "grpcio_tools-1.39.0-cp37-cp37m-linux_armv7l.whl", hash = "sha256:7d1487c1b612b97585dee17991b65daa4e99b4a59872140207472f4b685033f7"},
    {file = "grpcio_tools-1.39.0-cp37-cp37m-macosx_10_10_x86_64.whl", hash = "sha256:8edcaa57263c509fad2270fc59c3c8b8a5a8e57fbad968d83606f58b42306e03"},
    {file = "grpcio_tools-1.39.0-cp37-cp37m-manylinux2010_i686.whl", hash = "sha256:a0dfe121a1df5e0000c07a358897fbadd674fd524417122cfb3ac342088ab4f1"},
    {file = "grpcio_tools-1.39.0-cp37-cp37m-manylinux2010_x86_64.whl", hash = "sha256:241c3021970bd61b6a8447401634f565052ecf869a04d09c14408f5411168dd4"},
    {file = "grpcio_tools-1.39.0-cp37-cp37m-manylinux2014_i686.whl", hash = "sha256:7373f800028dc96dbbfa22c6d026eeac1233e388816020e299ee967ba86f5a44"},
    {file = "grpcio_tools-1.39.0-cp37-cp37m-manylinux2014_x86_64.whl", hash = "sha256:566805727215f8dd4b95de7089e5acce459f961a20cb59aa3d921444d5d967cb"},
    {file = "grpcio_tools-1.39.0-cp37-cp37m-manylinux_2_24_aarch64.whl", hash = "sha256:4f09a9f661d9184033be48d1ed0b4d19ce9e10b0489f17de983e342505079901"},
    {file = "grpcio_tools-1.39.0-cp37-cp37m-win32.whl", hash = "sha256:f0f4fa0ae197d8cc7b776d63057d981d753b21b0559797d9082f2c8eae65b841"},
    {file = "grpcio_tools-1.39.0-cp37-cp37m-win_amd64.whl", hash = "sha256:bc1cb415695027403e3bb6982c71180691f51047816e5589fe54b46b6220db92"},
    {file = "grpcio_tools-1.39.0-cp38-cp38-linux_armv7l.whl", hash = "sha256:cea1b630a991128938030fbc751674986ed7f53e3c69e5d897f77621bd0d0948"},
    {file = "grpcio_tools-1.39.0-cp38-cp38-macosx_10_10_x86_64.whl", hash = "sha256:714df550ae7c93a3d7537c1c0939b5060cf481d2c1a8ff05df099c17e8e9405b"},
    {file = "grpcio_tools-1.39.0-cp38-cp38-manylinux2010_i686.whl", hash = "sha256:7d34e9ec08c5298eca07bc7e226f9f72b8067b7fba4fc22fbd84dd5214138c18"},
    {file = "grpcio_tools-1.39.0-cp38-cp38-manylinux2010_x86_64.whl", hash = "sha256:809f989370ce38c04b20e48b53628538bb3ab4c8d841708ec5dd6a1d511d8432"},
    {file = "grpcio_tools-1.39.0-cp38-cp38-manylinux2014_i686.whl", hash = "sha256:dfb442eb45becbac05c6de358d99acc771514bf85387b81663240e8772b07065"},
    {file = "grpcio_tools-1.39.0-cp38-cp38-manylinux2014_x86_64.whl", hash = "sha256:1c0ae4a3bfa45e198ddb767b6b4688532fdf808769862dd950221d4e73bde4c4"},
    {file = "grpcio_tools-1.39.0-cp38-cp38-manylinux_2_24_aarch64.whl", hash = "sha256:048ed87c3d1da06da42f5b79e21c23377678f7ef329b55beff3659e1631b0193"},
    {file = "grpcio_tools-1.39.0-cp38-cp38-win32.whl", hash = "sha256:2daf0d52e30dd675531dabb92caaa1c551f9d169bf339168c1518a5b545948d9"},
    {file = "grpcio_tools-1.39.0-cp38-cp38-win_amd64.whl", hash = "sha256:d940b34183d2e756e843d2e7ff749e8ab8e0b505f253d7860583e8611bc0133c"},
    {file = "grpcio_tools-1.39.0-cp39-cp39-linux_armv7l.whl", hash = "sha256:463d722f10be7a682737eccb67055ad80cd51abc5c6400b02f212e90a4dad9cb"},
    {file = "grpcio_tools-1.39.0-cp39-cp39-macosx_10_10_x86_64.whl", hash = "sha256:5acf9667d09c018563740a15b3b67958d9544e4417f2aeebba8529953f597c36"},
    {file = "grpcio_tools-1.39.0-cp39-cp39-manylinux2010_i686.whl", hash = "sha256:e3895622d38e8a075c14b746e21556a3755b0aeaf766a54a9cab2b8611305212"},
    {file = "grpcio_tools-1.39.0-cp39-cp39-manylinux2010_x86_64.whl", hash = "sha256:64e77664b29b5ee8f5dedcf186ba2a411c332929b34462b1ccd56531dea84240"},
    {file = "grpcio_tools-1.39.0-cp39-cp39-manylinux2014_i686.whl", hash = "sha256:3003c61fae68fb86a9cfc3d36089ef3f50b89822a58810a552fc882b88868ea6"},
    {file = "grpcio_tools-1.39.0-cp39-cp39-manylinux2014_x86_64.whl", hash = "sha256:a688d344e454592375e52dc68269bde0cab266ab34b792c690217af1197d6ffd"},
    {file = "grpcio_tools-1.39.0-cp39-cp39-manylinux_2_24_aarch64.whl", hash = "sha256:e497ceb0da8578cf3d0270df0c9df209cdfe40adab72ffe88f7cf0444358fa21"},
    {file = "grpcio_tools-1.39.0-cp39-cp39-win32.whl", hash = "sha256:4098b482ef1b085842d9376aed955ba07f9d7d84c40d41beab01df0d3ca5fa45"},
    {file = "grpcio_tools-1.39.0-cp39-cp39-win_amd64.whl", hash = "sha256:cfa6229c5771c989bfc27f5640d8dc62a3572dcd43c00707e8176a247c48399b"},
]
idna = [
    {file = "idna-3.2-py3-none-any.whl", hash = "sha256:14475042e284991034cb48e06f6851428fb14c4dc953acd9be9a5e95c7b6dd7a"},
    {file = "idna-3.2.tar.gz", hash = "sha256:467fbad99067910785144ce333826c71fb0e63a425657295239737f7ecd125f3"},
]
josepy = [
    {file = "josepy-1.8.0-py2.py3-none-any.whl", hash = "sha256:6d632fcdaf0bed09e33f81f13b10575d4f0b7c37319350b725454e04a41e6a49"},
    {file = "josepy-1.8.0.tar.gz", hash = "sha256:a5a182eb499665d99e7ec54bb3fe389f9cbc483d429c9651f20384ba29564269"},
]
mozilla-django-oidc = [
    {file = "mozilla-django-oidc-2.0.0.tar.gz", hash = "sha256:a8b2f27c69c122d2f4d801c3759761d33debf06ae9dabbab8aed82887bba3bb8"},
    {file = "mozilla_django_oidc-2.0.0-py2.py3-none-any.whl", hash = "sha256:53c39755b667e8c5923b1dffc3c29673198d03aa107aa42ac86b8a38b4720c25"},
]
protobuf = [
    {file = "protobuf-3.17.3-cp27-cp27m-macosx_10_9_x86_64.whl", hash = "sha256:ab6bb0e270c6c58e7ff4345b3a803cc59dbee19ddf77a4719c5b635f1d547aa8"},
    {file = "protobuf-3.17.3-cp27-cp27mu-manylinux_2_5_x86_64.manylinux1_x86_64.whl", hash = "sha256:13ee7be3c2d9a5d2b42a1030976f760f28755fcf5863c55b1460fd205e6cd637"},
    {file = "protobuf-3.17.3-cp35-cp35m-macosx_10_9_intel.whl", hash = "sha256:1556a1049ccec58c7855a78d27e5c6e70e95103b32de9142bae0576e9200a1b0"},
    {file = "protobuf-3.17.3-cp35-cp35m-manylinux_2_5_x86_64.manylinux1_x86_64.whl", hash = "sha256:f0e59430ee953184a703a324b8ec52f571c6c4259d496a19d1cabcdc19dabc62"},
    {file = "protobuf-3.17.3-cp35-cp35m-win32.whl", hash = "sha256:a981222367fb4210a10a929ad5983ae93bd5a050a0824fc35d6371c07b78caf6"},
    {file = "protobuf-3.17.3-cp35-cp35m-win_amd64.whl", hash = "sha256:6d847c59963c03fd7a0cd7c488cadfa10cda4fff34d8bc8cba92935a91b7a037"},
    {file = "protobuf-3.17.3-cp36-cp36m-macosx_10_9_x86_64.whl", hash = "sha256:145ce0af55c4259ca74993ddab3479c78af064002ec8227beb3d944405123c71"},
    {file = "protobuf-3.17.3-cp36-cp36m-manylinux_2_5_x86_64.manylinux1_x86_64.whl", hash = "sha256:6ce4d8bf0321e7b2d4395e253f8002a1a5ffbcfd7bcc0a6ba46712c07d47d0b4"},
    {file = "protobuf-3.17.3-cp36-cp36m-win32.whl", hash = "sha256:7a4c97961e9e5b03a56f9a6c82742ed55375c4a25f2692b625d4087d02ed31b9"},
    {file = "protobuf-3.17.3-cp36-cp36m-win_amd64.whl", hash = "sha256:a22b3a0dbac6544dacbafd4c5f6a29e389a50e3b193e2c70dae6bbf7930f651d"},
    {file = "protobuf-3.17.3-cp37-cp37m-macosx_10_9_x86_64.whl", hash = "sha256:ffea251f5cd3c0b9b43c7a7a912777e0bc86263436a87c2555242a348817221b"},
    {file = "protobuf-3.17.3-cp37-cp37m-manylinux2014_aarch64.whl", hash = "sha256:9b7a5c1022e0fa0dbde7fd03682d07d14624ad870ae52054849d8960f04bc764"},
    {file = "protobuf-3.17.3-cp37-cp37m-manylinux_2_5_x86_64.manylinux1_x86_64.whl", hash = "sha256:8727ee027157516e2c311f218ebf2260a18088ffb2d29473e82add217d196b1c"},
    {file = "protobuf-3.17.3-cp37-cp37m-win32.whl", hash = "sha256:14c1c9377a7ffbeaccd4722ab0aa900091f52b516ad89c4b0c3bb0a4af903ba5"},
    {file = "protobuf-3.17.3-cp37-cp37m-win_amd64.whl", hash = "sha256:c56c050a947186ba51de4f94ab441d7f04fcd44c56df6e922369cc2e1a92d683"},
    {file = "protobuf-3.17.3-cp38-cp38-macosx_10_9_x86_64.whl", hash = "sha256:2ae692bb6d1992afb6b74348e7bb648a75bb0d3565a3f5eea5bec8f62bd06d87"},
    {file = "protobuf-3.17.3-cp38-cp38-manylinux2014_aarch64.whl", hash = "sha256:99938f2a2d7ca6563c0ade0c5ca8982264c484fdecf418bd68e880a7ab5730b1"},
    {file = "protobuf-3.17.3-cp38-cp38-manylinux_2_5_x86_64.manylinux1_x86_64.whl", hash = "sha256:6902a1e4b7a319ec611a7345ff81b6b004b36b0d2196ce7a748b3493da3d226d"},
    {file = "protobuf-3.17.3-cp38-cp38-win32.whl", hash = "sha256:59e5cf6b737c3a376932fbfb869043415f7c16a0cf176ab30a5bbc419cd709c1"},
    {file = "protobuf-3.17.3-cp38-cp38-win_amd64.whl", hash = "sha256:ebcb546f10069b56dc2e3da35e003a02076aaa377caf8530fe9789570984a8d2"},
    {file = "protobuf-3.17.3-cp39-cp39-macosx_10_9_x86_64.whl", hash = "sha256:4ffbd23640bb7403574f7aff8368e2aeb2ec9a5c6306580be48ac59a6bac8bde"},
    {file = "protobuf-3.17.3-cp39-cp39-manylinux2014_aarch64.whl", hash = "sha256:26010f693b675ff5a1d0e1bdb17689b8b716a18709113288fead438703d45539"},
    {file = "protobuf-3.17.3-cp39-cp39-manylinux_2_5_x86_64.manylinux1_x86_64.whl", hash = "sha256:e76d9686e088fece2450dbc7ee905f9be904e427341d289acbe9ad00b78ebd47"},
    {file = "protobuf-3.17.3-cp39-cp39-win32.whl", hash = "sha256:a38bac25f51c93e4be4092c88b2568b9f407c27217d3dd23c7a57fa522a17554"},
    {file = "protobuf-3.17.3-cp39-cp39-win_amd64.whl", hash = "sha256:85d6303e4adade2827e43c2b54114d9a6ea547b671cb63fafd5011dc47d0e13d"},
    {file = "protobuf-3.17.3-py2.py3-none-any.whl", hash = "sha256:2bfb815216a9cd9faec52b16fd2bfa68437a44b67c56bee59bc3926522ecb04e"},
    {file = "protobuf-3.17.3.tar.gz", hash = "sha256:72804ea5eaa9c22a090d2803813e280fb273b62d5ae497aaf3553d141c4fdd7b"},
]
pycparser = [
    {file = "pycparser-2.20-py2.py3-none-any.whl", hash = "sha256:7582ad22678f0fcd81102833f60ef8d0e57288b6b5fb00323d101be910e35705"},
    {file = "pycparser-2.20.tar.gz", hash = "sha256:2d475327684562c3a96cc71adf7dc8c4f0565175cf86b6d7a404ff4c771f15f0"},
]
pyopenssl = [
    {file = "pyOpenSSL-20.0.1-py2.py3-none-any.whl", hash = "sha256:818ae18e06922c066f777a33f1fca45786d85edfe71cd043de6379337a7f274b"},
    {file = "pyOpenSSL-20.0.1.tar.gz", hash = "sha256:4c231c759543ba02560fcd2480c48dcec4dae34c9da7d3747c508227e0624b51"},
]
pytz = [
    {file = "pytz-2021.1-py2.py3-none-any.whl", hash = "sha256:eb10ce3e7736052ed3623d49975ce333bcd712c7bb19a58b9e2089d4057d0798"},
    {file = "pytz-2021.1.tar.gz", hash = "sha256:83a4a90894bf38e243cf052c8b58f381bfe9a7a483f6a9cab140bc7f702ac4da"},
]
requests = [
    {file = "requests-2.26.0-py2.py3-none-any.whl", hash = "sha256:6c1246513ecd5ecd4528a0906f910e8f0f9c6b8ec72030dc9fd154dc1a6efd24"},
    {file = "requests-2.26.0.tar.gz", hash = "sha256:b8aa58f8cf793ffd8782d3d8cb19e66ef36f7aba4353eec859e74678b01b07a7"},
]
six = [
    {file = "six-1.16.0-py2.py3-none-any.whl", hash = "sha256:8abb2f1d86890a2dfb989f9a77cfcfd3e47c2a354b01111771326f8aa26e0254"},
    {file = "six-1.16.0.tar.gz", hash = "sha256:1e61c37477a1626458e36f7b1d82aa5c9b094fa4802892072e49de9c60c4c926"},
]
sqlparse = [
    {file = "sqlparse-0.4.1-py3-none-any.whl", hash = "sha256:017cde379adbd6a1f15a61873f43e8274179378e95ef3fede90b5aa64d304ed0"},
    {file = "sqlparse-0.4.1.tar.gz", hash = "sha256:0f91fd2e829c44362cbcfab3e9ae12e22badaa8a29ad5ff599f9ec109f0454e8"},
]
typing-extensions = [
    {file = "typing_extensions-3.10.0.0-py2-none-any.whl", hash = "sha256:0ac0f89795dd19de6b97debb0c6af1c70987fd80a2d62d1958f7e56fcc31b497"},
    {file = "typing_extensions-3.10.0.0-py3-none-any.whl", hash = "sha256:779383f6086d90c99ae41cf0ff39aac8a7937a9283ce0a414e5dd782f4c94a84"},
    {file = "typing_extensions-3.10.0.0.tar.gz", hash = "sha256:50b6f157849174217d0656f99dc82fe932884fb250826c18350e159ec6cdf342"},
]
urllib3 = [
    {file = "urllib3-1.26.6-py2.py3-none-any.whl", hash = "sha256:39fb8672126159acb139a7718dd10806104dec1e2f0f6c88aab05d17df10c8d4"},
    {file = "urllib3-1.26.6.tar.gz", hash = "sha256:f57b4c16c62fa2760b7e3d97c35b255512fb6b59a259730f36ba32ce9f8e342f"},
]
weni-protobuffers = [
    {file = "weni-protobuffers-1.0.0.tar.gz", hash = "sha256:b7f3ae57aada8f6aee628f6598a72d5102f48d876289793fc27b1321373a72ff"},
    {file = "weni_protobuffers-1.0.0-py3-none-any.whl", hash = "sha256:a53615ee2f6caf5e9af1476f75cdafa83d8a746fb2371170e8b5bccdfeb6b7dc"},
]
